
Microsoft Visual Studio Solution File, Format Version 12.00
# Visual Studio Version 17
VisualStudioVersion = 17.11.35312.102
MinimumVisualStudioVersion = 10.0.40219.1
Project("{8BC9CEB8-8B4A-11D0-8D11-00A0C91BC942}") = "p13", "p13\p13.vcxproj", "{A871EB3B-DB2B-4D0A-A2F7-1ABA687E21AF}"
EndProject
Global
	GlobalSection(SolutionConfigurationPlatforms) = preSolution
		Debug|x64 = Debug|x64
		Debug|x86 = Debug|x86
		Release|x64 = Release|x64
		Release|x86 = Release|x86
	EndGlobalSection
	GlobalSection(ProjectConfigurationPlatforms) = postSolution
		{A871EB3B-DB2B-4D0A-A2F7-1ABA687E21AF}.Debug|x64.ActiveCfg = Debug|x64
		{A871EB3B-DB2B-4D0A-A2F7-1ABA687E21AF}.Debug|x64.Build.0 = Debug|x64
		{A871EB3B-DB2B-4D0A-A2F7-1ABA687E21AF}.Debug|x86.ActiveCfg = Debug|Win32
		{A871EB3B-DB2B-4D0A-A2F7-1ABA687E21AF}.Debug|x86.Build.0 = Debug|Win32
		{A871EB3B-DB2B-4D0A-A2F7-1ABA687E21AF}.Release|x64.ActiveCfg = Release|x64
		{A871EB3B-DB2B-4D0A-A2F7-1ABA687E21AF}.Release|x64.Build.0 = Release|x64
		{A871EB3B-DB2B-4D0A-A2F7-1ABA687E21AF}.Release|x86.ActiveCfg = Release|Win32
		{A871EB3B-DB2B-4D0A-A2F7-1ABA687E21AF}.Release|x86.Build.0 = Release|Win32
	EndGlobalSection
	GlobalSection(SolutionProperties) = preSolution
		HideSolutionNode = FALSE
	EndGlobalSection
	GlobalSection(ExtensibilityGlobals) = postSolution
		SolutionGuid = {E4639513-4F0B-4631-BDF3-F638E2CA89B8}
	EndGlobalSection
EndGlobal
